
Microsoft Visual Studio Solution File, Format Version 12.00
# Visual Studio Version 17
VisualStudioVersion = 17.3.32922.545
MinimumVisualStudioVersion = 10.0.40219.1
Project("{FAE04EC0-301F-11D3-BF4B-00C04F79EFBC}") = "ContactsAPI", "ContactsAPI.csproj", "{1C81B6EC-7967-49A3-9D32-30F3FF6E6A4B}"
EndProject
Global
	GlobalSection(SolutionConfigurationPlatforms) = preSolution
		Debug|Any CPU = Debug|Any CPU
		Release|Any CPU = Release|Any CPU
	EndGlobalSection
	GlobalSection(ProjectConfigurationPlatforms) = postSolution
		{1C81B6EC-7967-49A3-9D32-30F3FF6E6A4B}.Debug|Any CPU.ActiveCfg = Debug|Any CPU
		{1C81B6EC-7967-49A3-9D32-30F3FF6E6A4B}.Debug|Any CPU.Build.0 = Debug|Any CPU
		{1C81B6EC-7967-49A3-9D32-30F3FF6E6A4B}.Release|Any CPU.ActiveCfg = Release|Any CPU
		{1C81B6EC-7967-49A3-9D32-30F3FF6E6A4B}.Release|Any CPU.Build.0 = Release|Any CPU
	EndGlobalSection
	GlobalSection(SolutionProperties) = preSolution
		HideSolutionNode = FALSE
	EndGlobalSection
	GlobalSection(ExtensibilityGlobals) = postSolution
		SolutionGuid = {4CDA7A3C-E788-485C-A569-5B71C993161E}
	EndGlobalSection
EndGlobal
